
Microsoft Visual Studio Solution File, Format Version 12.00
# Visual Studio Version 16
VisualStudioVersion = 16.0.29519.181
MinimumVisualStudioVersion = 10.0.40219.1
Project("{FAE04EC0-301F-11D3-BF4B-00C04F79EFBC}") = "Sabba_RicercaConcorrente", "Sabba_RicercaConcorrente\Sabba_RicercaConcorrente.csproj", "{9AECDCCE-AD8D-4CCB-BB83-A7C66E028B4C}"
EndProject
Global
	GlobalSection(SolutionConfigurationPlatforms) = preSolution
		Debug|Any CPU = Debug|Any CPU
		Release|Any CPU = Release|Any CPU
	EndGlobalSection
	GlobalSection(ProjectConfigurationPlatforms) = postSolution
		{9AECDCCE-AD8D-4CCB-BB83-A7C66E028B4C}.Debug|Any CPU.ActiveCfg = Debug|Any CPU
		{9AECDCCE-AD8D-4CCB-BB83-A7C66E028B4C}.Debug|Any CPU.Build.0 = Debug|Any CPU
		{9AECDCCE-AD8D-4CCB-BB83-A7C66E028B4C}.Release|Any CPU.ActiveCfg = Release|Any CPU
		{9AECDCCE-AD8D-4CCB-BB83-A7C66E028B4C}.Release|Any CPU.Build.0 = Release|Any CPU
	EndGlobalSection
	GlobalSection(SolutionProperties) = preSolution
		HideSolutionNode = FALSE
	EndGlobalSection
	GlobalSection(ExtensibilityGlobals) = postSolution
		SolutionGuid = {137F6B92-A201-46EF-91A3-23C4A234E643}
	EndGlobalSection
EndGlobal
